
Microsoft Visual Studio Solution File, Format Version 12.00
# Visual Studio Version 17
VisualStudioVersion = 17.4.33205.214
MinimumVisualStudioVersion = 10.0.40219.1
Project("{FAE04EC0-301F-11D3-BF4B-00C04F79EFBC}") = "b3-cx-dev-tu-bouzeghaia-maxime", "b3-cx-dev-tu-bouzeghaia-maxime\b3-cx-dev-tu-bouzeghaia-maxime.csproj", "{5E3029DA-2331-4C10-8C65-B3D65D9FB506}"
EndProject
Global
	GlobalSection(SolutionConfigurationPlatforms) = preSolution
		Debug|Any CPU = Debug|Any CPU
		Release|Any CPU = Release|Any CPU
	EndGlobalSection
	GlobalSection(ProjectConfigurationPlatforms) = postSolution
		{5E3029DA-2331-4C10-8C65-B3D65D9FB506}.Debug|Any CPU.ActiveCfg = Debug|Any CPU
		{5E3029DA-2331-4C10-8C65-B3D65D9FB506}.Debug|Any CPU.Build.0 = Debug|Any CPU
		{5E3029DA-2331-4C10-8C65-B3D65D9FB506}.Release|Any CPU.ActiveCfg = Release|Any CPU
		{5E3029DA-2331-4C10-8C65-B3D65D9FB506}.Release|Any CPU.Build.0 = Release|Any CPU
	EndGlobalSection
	GlobalSection(SolutionProperties) = preSolution
		HideSolutionNode = FALSE
	EndGlobalSection
	GlobalSection(ExtensibilityGlobals) = postSolution
		SolutionGuid = {5A2A1541-9B61-441C-97F2-77A0ED36DA05}
	EndGlobalSection
EndGlobal
